
Microsoft Visual Studio Solution File, Format Version 12.00
# Visual Studio Version 16
VisualStudioVersion = 16.0.29409.12
MinimumVisualStudioVersion = 10.0.40219.1
Project("{FAE04EC0-301F-11D3-BF4B-00C04F79EFBC}") = "Cifrado Vigenere", "Cifrado Vigenere\Cifrado Vigenere.csproj", "{30870F3B-86DA-48AA-9700-D02121F16404}"
EndProject
Global
	GlobalSection(SolutionConfigurationPlatforms) = preSolution
		Debug|Any CPU = Debug|Any CPU
		Release|Any CPU = Release|Any CPU
	EndGlobalSection
	GlobalSection(ProjectConfigurationPlatforms) = postSolution
		{30870F3B-86DA-48AA-9700-D02121F16404}.Debug|Any CPU.ActiveCfg = Debug|Any CPU
		{30870F3B-86DA-48AA-9700-D02121F16404}.Debug|Any CPU.Build.0 = Debug|Any CPU
		{30870F3B-86DA-48AA-9700-D02121F16404}.Release|Any CPU.ActiveCfg = Release|Any CPU
		{30870F3B-86DA-48AA-9700-D02121F16404}.Release|Any CPU.Build.0 = Release|Any CPU
	EndGlobalSection
	GlobalSection(SolutionProperties) = preSolution
		HideSolutionNode = FALSE
	EndGlobalSection
	GlobalSection(ExtensibilityGlobals) = postSolution
		SolutionGuid = {6A8B368E-81B7-4116-B239-7AA893B25930}
	EndGlobalSection
EndGlobal
